
Microsoft Visual Studio Solution File, Format Version 12.00
# Visual Studio Version 16
VisualStudioVersion = 16.0.31105.61
MinimumVisualStudioVersion = 10.0.40219.1
Project("{FAE04EC0-301F-11D3-BF4B-00C04F79EFBC}") = "EncapslationDemowithDieClass", "EncapslationDemowithDieClass\EncapslationDemowithDieClass.csproj", "{0C56C302-9495-45A5-BF0A-D189CF78A87C}"
EndProject
Global
	GlobalSection(SolutionConfigurationPlatforms) = preSolution
		Debug|Any CPU = Debug|Any CPU
		Release|Any CPU = Release|Any CPU
	EndGlobalSection
	GlobalSection(ProjectConfigurationPlatforms) = postSolution
		{0C56C302-9495-45A5-BF0A-D189CF78A87C}.Debug|Any CPU.ActiveCfg = Debug|Any CPU
		{0C56C302-9495-45A5-BF0A-D189CF78A87C}.Debug|Any CPU.Build.0 = Debug|Any CPU
		{0C56C302-9495-45A5-BF0A-D189CF78A87C}.Release|Any CPU.ActiveCfg = Release|Any CPU
		{0C56C302-9495-45A5-BF0A-D189CF78A87C}.Release|Any CPU.Build.0 = Release|Any CPU
	EndGlobalSection
	GlobalSection(SolutionProperties) = preSolution
		HideSolutionNode = FALSE
	EndGlobalSection
	GlobalSection(ExtensibilityGlobals) = postSolution
		SolutionGuid = {91BAED78-D089-4358-BDCB-FF61BF026C2A}
	EndGlobalSection
EndGlobal
